
Microsoft Visual Studio Solution File, Format Version 12.00
# Visual Studio 15
VisualStudioVersion = 15.0.28307.1972
MinimumVisualStudioVersion = 10.0.40219.1
Project("{FAE04EC0-301F-11D3-BF4B-00C04F79EFBC}") = "WebAeropuerto", "WebAeropuerto\WebAeropuerto.csproj", "{B72FD0FC-77E1-4FC4-8407-61194FDD8BF7}"
EndProject
Global
	GlobalSection(SolutionConfigurationPlatforms) = preSolution
		Debug|Any CPU = Debug|Any CPU
		Release|Any CPU = Release|Any CPU
	EndGlobalSection
	GlobalSection(ProjectConfigurationPlatforms) = postSolution
		{B72FD0FC-77E1-4FC4-8407-61194FDD8BF7}.Debug|Any CPU.ActiveCfg = Debug|Any CPU
		{B72FD0FC-77E1-4FC4-8407-61194FDD8BF7}.Debug|Any CPU.Build.0 = Debug|Any CPU
		{B72FD0FC-77E1-4FC4-8407-61194FDD8BF7}.Release|Any CPU.ActiveCfg = Release|Any CPU
		{B72FD0FC-77E1-4FC4-8407-61194FDD8BF7}.Release|Any CPU.Build.0 = Release|Any CPU
	EndGlobalSection
	GlobalSection(SolutionProperties) = preSolution
		HideSolutionNode = FALSE
	EndGlobalSection
	GlobalSection(ExtensibilityGlobals) = postSolution
		SolutionGuid = {A204B55E-9BBA-4A5F-98C7-C98F3E581F2F}
	EndGlobalSection
EndGlobal
